// !$*UTF8*$!
{
	archiveVersion = 1;
	classes = {
	};
	objectVersion = 46;
	objects = {

/* Begin PBXBuildFile section */
		EF10AAE8163938B500D43DAB /* CFNetwork.framework in Frameworks */ = {isa = PBXBuildFile; fileRef = EF10AAE7163938B500D43DAB /* CFNetwork.framework */; };
		EF10AAEA163938BF00D43DAB /* SystemConfiguration.framework in Frameworks */ = {isa = PBXBuildFile; fileRef = EF10AAE9163938BF00D43DAB /* SystemConfiguration.framework */; };
		EF10AAEC163938C500D43DAB /* MobileCoreServices.framework in Frameworks */ = {isa = PBXBuildFile; fileRef = EF10AAEB163938C500D43DAB /* MobileCoreServices.framework */; };
		EF10AAEE163946B800D43DAB /* libz.dylib in Frameworks */ = {isa = PBXBuildFile; fileRef = EF10AAED163946B800D43DAB /* libz.dylib */; };
		EF10AAF11639487D00D43DAB /* YawiiServiceHandler.m in Sources */ = {isa = PBXBuildFile; fileRef = EF10AAF01639487D00D43DAB /* YawiiServiceHandler.m */; };
		EF10AAF21639488F00D43DAB /* ASIAuthenticationDialog.m in Sources */ = {isa = PBXBuildFile; fileRef = EF10AAD21639388500D43DAB /* ASIAuthenticationDialog.m */; };
		EF10AAF31639489800D43DAB /* ASIDataCompressor.m in Sources */ = {isa = PBXBuildFile; fileRef = EF10AAD51639388500D43DAB /* ASIDataCompressor.m */; };
		EF10AAF41639489800D43DAB /* ASIDataDecompressor.m in Sources */ = {isa = PBXBuildFile; fileRef = EF10AAD71639388500D43DAB /* ASIDataDecompressor.m */; };
		EF10AAF51639489800D43DAB /* ASIDownloadCache.m in Sources */ = {isa = PBXBuildFile; fileRef = EF10AAD91639388500D43DAB /* ASIDownloadCache.m */; };
		EF10AAF61639489800D43DAB /* ASIFormDataRequest.m in Sources */ = {isa = PBXBuildFile; fileRef = EF10AADB1639388500D43DAB /* ASIFormDataRequest.m */; };
		EF10AAF71639489800D43DAB /* ASIHTTPRequest.m in Sources */ = {isa = PBXBuildFile; fileRef = EF10AADD1639388500D43DAB /* ASIHTTPRequest.m */; };
		EF10AAF81639489800D43DAB /* ASIInputStream.m in Sources */ = {isa = PBXBuildFile; fileRef = EF10AAE11639388500D43DAB /* ASIInputStream.m */; };
		EF10AAF91639489800D43DAB /* ASINetworkQueue.m in Sources */ = {isa = PBXBuildFile; fileRef = EF10AAE31639388500D43DAB /* ASINetworkQueue.m */; };
		EF10AAFA1639489800D43DAB /* Reachability.m in Sources */ = {isa = PBXBuildFile; fileRef = EF10AAE6163938A800D43DAB /* Reachability.m */; };
		EF10AAFE16394AD300D43DAB /* MBProgressHUD.m in Sources */ = {isa = PBXBuildFile; fileRef = EF10AAFD16394AD300D43DAB /* MBProgressHUD.m */; };
		EF10AB0116394E2800D43DAB /* YawiiJSONPaser.m in Sources */ = {isa = PBXBuildFile; fileRef = EF10AB0016394E2800D43DAB /* YawiiJSONPaser.m */; };
		EF10AB1D1639531E00D43DAB /* NSObject+SBJson.m in Sources */ = {isa = PBXBuildFile; fileRef = EF10AB051639531E00D43DAB /* NSObject+SBJson.m */; };
		EF10AB1E1639531E00D43DAB /* SBJsonParser.m in Sources */ = {isa = PBXBuildFile; fileRef = EF10AB081639531E00D43DAB /* SBJsonParser.m */; };
		EF10AB1F1639531E00D43DAB /* SBJsonStreamParser.m in Sources */ = {isa = PBXBuildFile; fileRef = EF10AB0A1639531E00D43DAB /* SBJsonStreamParser.m */; };
		EF10AB201639531E00D43DAB /* SBJsonStreamParserAccumulator.m in Sources */ = {isa = PBXBuildFile; fileRef = EF10AB0C1639531E00D43DAB /* SBJsonStreamParserAccumulator.m */; };
		EF10AB211639531E00D43DAB /* SBJsonStreamParserAdapter.m in Sources */ = {isa = PBXBuildFile; fileRef = EF10AB0E1639531E00D43DAB /* SBJsonStreamParserAdapter.m */; };
		EF10AB221639531E00D43DAB /* SBJsonStreamParserState.m in Sources */ = {isa = PBXBuildFile; fileRef = EF10AB101639531E00D43DAB /* SBJsonStreamParserState.m */; };
		EF10AB231639531E00D43DAB /* SBJsonStreamWriter.m in Sources */ = {isa = PBXBuildFile; fileRef = EF10AB121639531E00D43DAB /* SBJsonStreamWriter.m */; };
		EF10AB241639531E00D43DAB /* SBJsonStreamWriterAccumulator.m in Sources */ = {isa = PBXBuildFile; fileRef = EF10AB141639531E00D43DAB /* SBJsonStreamWriterAccumulator.m */; };
		EF10AB251639531E00D43DAB /* SBJsonStreamWriterState.m in Sources */ = {isa = PBXBuildFile; fileRef = EF10AB161639531E00D43DAB /* SBJsonStreamWriterState.m */; };
		EF10AB261639531E00D43DAB /* SBJsonTokeniser.m in Sources */ = {isa = PBXBuildFile; fileRef = EF10AB181639531E00D43DAB /* SBJsonTokeniser.m */; };
		EF10AB271639531E00D43DAB /* SBJsonUTF8Stream.m in Sources */ = {isa = PBXBuildFile; fileRef = EF10AB1A1639531E00D43DAB /* SBJsonUTF8Stream.m */; };
		EF10AB281639531E00D43DAB /* SBJsonWriter.m in Sources */ = {isa = PBXBuildFile; fileRef = EF10AB1C1639531E00D43DAB /* SBJsonWriter.m */; };
		EF10AB3C163954EB00D43DAB /* Utility.m in Sources */ = {isa = PBXBuildFile; fileRef = EF10AB3B163954EB00D43DAB /* Utility.m */; };
		EF10AB4716396C2C00D43DAB /* AccountInfoHandler.m in Sources */ = {isa = PBXBuildFile; fileRef = EF10AB4616396C2B00D43DAB /* AccountInfoHandler.m */; };
		EF314581163BF9F000CF1AD3 /* ic_launcher_logo_96.png in Resources */ = {isa = PBXBuildFile; fileRef = EF314580163BF9F000CF1AD3 /* ic_launcher_logo_96.png */; };
		EF314588163BFC6F00CF1AD3 /* greenButton.png in Resources */ = {isa = PBXBuildFile; fileRef = EF314586163BFC6F00CF1AD3 /* greenButton.png */; };
		EF314589163BFC6F00CF1AD3 /* greenButton@2x.png in Resources */ = {isa = PBXBuildFile; fileRef = EF314587163BFC6F00CF1AD3 /* greenButton@2x.png */; };
		EF31458C163C021300CF1AD3 /* AZUITextField.m in Sources */ = {isa = PBXBuildFile; fileRef = EF31458B163C021300CF1AD3 /* AZUITextField.m */; };
		EF31458F163C0FDA00CF1AD3 /* URLHandler.m in Sources */ = {isa = PBXBuildFile; fileRef = EF31458E163C0FDA00CF1AD3 /* URLHandler.m */; };
		EF314592163C115300CF1AD3 /* ConstantStrings.m in Sources */ = {isa = PBXBuildFile; fileRef = EF314591163C115300CF1AD3 /* ConstantStrings.m */; };
		EF314595163C14CF00CF1AD3 /* NSString+MD5.m in Sources */ = {isa = PBXBuildFile; fileRef = EF314594163C14CF00CF1AD3 /* NSString+MD5.m */; };
		EF314598163C194F00CF1AD3 /* SystemSetting.m in Sources */ = {isa = PBXBuildFile; fileRef = EF314597163C194F00CF1AD3 /* SystemSetting.m */; };
		EF31459B163C1DCE00CF1AD3 /* AddSpecialViewController_iPad.xib in Resources */ = {isa = PBXBuildFile; fileRef = EF314599163C1DCE00CF1AD3 /* AddSpecialViewController_iPad.xib */; };
		EF31459C163C1DCE00CF1AD3 /* AddSpecialViewController_iPhone.xib in Resources */ = {isa = PBXBuildFile; fileRef = EF31459A163C1DCE00CF1AD3 /* AddSpecialViewController_iPhone.xib */; };
		EF31459F163C1E0C00CF1AD3 /* AddSpecialViewController.m in Sources */ = {isa = PBXBuildFile; fileRef = EF31459E163C1E0B00CF1AD3 /* AddSpecialViewController.m */; };
		EF3145A2163C249D00CF1AD3 /* SSTextView.m in Sources */ = {isa = PBXBuildFile; fileRef = EF3145A1163C249D00CF1AD3 /* SSTextView.m */; };
		EF3145A4163C28BB00CF1AD3 /* ic_back_72_nobg.png in Resources */ = {isa = PBXBuildFile; fileRef = EF3145A3163C28BB00CF1AD3 /* ic_back_72_nobg.png */; };
		EF3145AB163D2CA200CF1AD3 /* PreviewViewController.m in Sources */ = {isa = PBXBuildFile; fileRef = EF3145A9163D2CA100CF1AD3 /* PreviewViewController.m */; };
		EF3145B7163D30EB00CF1AD3 /* index.html in Resources */ = {isa = PBXBuildFile; fileRef = EF3145B2163D30EB00CF1AD3 /* index.html */; };
		EF3145B9163D38C300CF1AD3 /* asserts in Resources */ = {isa = PBXBuildFile; fileRef = EF3145B8163D38C300CF1AD3 /* asserts */; };
		EF370043163EA24300078E42 /* NSDate+formatString.m in Sources */ = {isa = PBXBuildFile; fileRef = EF370042163EA24300078E42 /* NSDate+formatString.m */; };
		EF370047163EA71E00078E42 /* Constant.m in Sources */ = {isa = PBXBuildFile; fileRef = EF370046163EA71E00078E42 /* Constant.m */; };
		EF37004A163EB10600078E42 /* UITextField+Validation.m in Sources */ = {isa = PBXBuildFile; fileRef = EF370049163EB10600078E42 /* UITextField+Validation.m */; };
		EF496ED4167BFFDE0035A17D /* ASIFormDataRequest+YammiService.m in Sources */ = {isa = PBXBuildFile; fileRef = EF496ED3167BFFDE0035A17D /* ASIFormDataRequest+YammiService.m */; };
		EF4C45AE16B5CC2400439F31 /* yamii.business.57.png in Resources */ = {isa = PBXBuildFile; fileRef = EF4C45AD16B5CC2400439F31 /* yamii.business.57.png */; };
		EF4C45B016B5CC2D00439F31 /* yamii.business.114.png in Resources */ = {isa = PBXBuildFile; fileRef = EF4C45AF16B5CC2D00439F31 /* yamii.business.114.png */; };
		EF4C45B116B5CCBC00439F31 /* yamii.business.57.png in Resources */ = {isa = PBXBuildFile; fileRef = EF4C45AD16B5CC2400439F31 /* yamii.business.57.png */; };
		EF4C45B216B5CCC300439F31 /* yamii.business.114.png in Resources */ = {isa = PBXBuildFile; fileRef = EF4C45AF16B5CC2D00439F31 /* yamii.business.114.png */; };
		EF5374A616392E0D000F3508 /* UIKit.framework in Frameworks */ = {isa = PBXBuildFile; fileRef = EF5374A516392E0D000F3508 /* UIKit.framework */; };
		EF5374A816392E0D000F3508 /* Foundation.framework in Frameworks */ = {isa = PBXBuildFile; fileRef = EF5374A716392E0D000F3508 /* Foundation.framework */; };
		EF5374AA16392E0D000F3508 /* CoreGraphics.framework in Frameworks */ = {isa = PBXBuildFile; fileRef = EF5374A916392E0D000F3508 /* CoreGraphics.framework */; };
		EF5374B216392E0D000F3508 /* main.m in Sources */ = {isa = PBXBuildFile; fileRef = EF5374B116392E0D000F3508 /* main.m */; };
		EF5374B616392E0D000F3508 /* AppDelegate.m in Sources */ = {isa = PBXBuildFile; fileRef = EF5374B516392E0D000F3508 /* AppDelegate.m */; };
		EF5374B816392E0D000F3508 /* Default.png in Resources */ = {isa = PBXBuildFile; fileRef = EF5374B716392E0D000F3508 /* Default.png */; };
		EF5374BA16392E0D000F3508 /* Default@2x.png in Resources */ = {isa = PBXBuildFile; fileRef = EF5374B916392E0D000F3508 /* Default@2x.png */; };
		EF5374BF16392E0D000F3508 /* ViewController.m in Sources */ = {isa = PBXBuildFile; fileRef = EF5374BE16392E0D000F3508 /* ViewController.m */; };
		EF7A0BF716AF4EE500157F5A /* main.m in Sources */ = {isa = PBXBuildFile; fileRef = EF5374B116392E0D000F3508 /* main.m */; };
		EF7A0BF816AF4EE500157F5A /* AppDelegate.m in Sources */ = {isa = PBXBuildFile; fileRef = EF5374B516392E0D000F3508 /* AppDelegate.m */; };
		EF7A0BF916AF4EE500157F5A /* ViewController.m in Sources */ = {isa = PBXBuildFile; fileRef = EF5374BE16392E0D000F3508 /* ViewController.m */; };
		EF7A0BFA16AF4EE500157F5A /* YawiiServiceHandler.m in Sources */ = {isa = PBXBuildFile; fileRef = EF10AAF01639487D00D43DAB /* YawiiServiceHandler.m */; };
		EF7A0BFB16AF4EE500157F5A /* ASIAuthenticationDialog.m in Sources */ = {isa = PBXBuildFile; fileRef = EF10AAD21639388500D43DAB /* ASIAuthenticationDialog.m */; };
		EF7A0BFC16AF4EE500157F5A /* ASIDataCompressor.m in Sources */ = {isa = PBXBuildFile; fileRef = EF10AAD51639388500D43DAB /* ASIDataCompressor.m */; };
		EF7A0BFD16AF4EE500157F5A /* ASIDataDecompressor.m in Sources */ = {isa = PBXBuildFile; fileRef = EF10AAD71639388500D43DAB /* ASIDataDecompressor.m */; };
		EF7A0BFE16AF4EE500157F5A /* ASIDownloadCache.m in Sources */ = {isa = PBXBuildFile; fileRef = EF10AAD91639388500D43DAB /* ASIDownloadCache.m */; };
		EF7A0BFF16AF4EE500157F5A /* ASIFormDataRequest.m in Sources */ = {isa = PBXBuildFile; fileRef = EF10AADB1639388500D43DAB /* ASIFormDataRequest.m */; };
		EF7A0C0016AF4EE500157F5A /* ASIHTTPRequest.m in Sources */ = {isa = PBXBuildFile; fileRef = EF10AADD1639388500D43DAB /* ASIHTTPRequest.m */; };
		EF7A0C0116AF4EE500157F5A /* ASIInputStream.m in Sources */ = {isa = PBXBuildFile; fileRef = EF10AAE11639388500D43DAB /* ASIInputStream.m */; };
		EF7A0C0216AF4EE500157F5A /* ASINetworkQueue.m in Sources */ = {isa = PBXBuildFile; fileRef = EF10AAE31639388500D43DAB /* ASINetworkQueue.m */; };
		EF7A0C0316AF4EE500157F5A /* Reachability.m in Sources */ = {isa = PBXBuildFile; fileRef = EF10AAE6163938A800D43DAB /* Reachability.m */; };
		EF7A0C0416AF4EE500157F5A /* MBProgressHUD.m in Sources */ = {isa = PBXBuildFile; fileRef = EF10AAFD16394AD300D43DAB /* MBProgressHUD.m */; };
		EF7A0C0516AF4EE500157F5A /* YawiiJSONPaser.m in Sources */ = {isa = PBXBuildFile; fileRef = EF10AB0016394E2800D43DAB /* YawiiJSONPaser.m */; };
		EF7A0C0616AF4EE500157F5A /* NSObject+SBJson.m in Sources */ = {isa = PBXBuildFile; fileRef = EF10AB051639531E00D43DAB /* NSObject+SBJson.m */; };
		EF7A0C0716AF4EE500157F5A /* SBJsonParser.m in Sources */ = {isa = PBXBuildFile; fileRef = EF10AB081639531E00D43DAB /* SBJsonParser.m */; };
		EF7A0C0816AF4EE500157F5A /* SBJsonStreamParser.m in Sources */ = {isa = PBXBuildFile; fileRef = EF10AB0A1639531E00D43DAB /* SBJsonStreamParser.m */; };
		EF7A0C0916AF4EE500157F5A /* SBJsonStreamParserAccumulator.m in Sources */ = {isa = PBXBuildFile; fileRef = EF10AB0C1639531E00D43DAB /* SBJsonStreamParserAccumulator.m */; };
		EF7A0C0A16AF4EE500157F5A /* SBJsonStreamParserAdapter.m in Sources */ = {isa = PBXBuildFile; fileRef = EF10AB0E1639531E00D43DAB /* SBJsonStreamParserAdapter.m */; };
		EF7A0C0B16AF4EE500157F5A /* SBJsonStreamParserState.m in Sources */ = {isa = PBXBuildFile; fileRef = EF10AB101639531E00D43DAB /* SBJsonStreamParserState.m */; };
		EF7A0C0C16AF4EE500157F5A /* SBJsonStreamWriter.m in Sources */ = {isa = PBXBuildFile; fileRef = EF10AB121639531E00D43DAB /* SBJsonStreamWriter.m */; };
		EF7A0C0D16AF4EE500157F5A /* SBJsonStreamWriterAccumulator.m in Sources */ = {isa = PBXBuildFile; fileRef = EF10AB141639531E00D43DAB /* SBJsonStreamWriterAccumulator.m */; };
		EF7A0C0E16AF4EE500157F5A /* SBJsonStreamWriterState.m in Sources */ = {isa = PBXBuildFile; fileRef = EF10AB161639531E00D43DAB /* SBJsonStreamWriterState.m */; };
		EF7A0C0F16AF4EE500157F5A /* SBJsonTokeniser.m in Sources */ = {isa = PBXBuildFile; fileRef = EF10AB181639531E00D43DAB /* SBJsonTokeniser.m */; };
		EF7A0C1016AF4EE500157F5A /* SBJsonUTF8Stream.m in Sources */ = {isa = PBXBuildFile; fileRef = EF10AB1A1639531E00D43DAB /* SBJsonUTF8Stream.m */; };
		EF7A0C1116AF4EE500157F5A /* SBJsonWriter.m in Sources */ = {isa = PBXBuildFile; fileRef = EF10AB1C1639531E00D43DAB /* SBJsonWriter.m */; };
		EF7A0C1216AF4EE500157F5A /* Utility.m in Sources */ = {isa = PBXBuildFile; fileRef = EF10AB3B163954EB00D43DAB /* Utility.m */; };
		EF7A0C1316AF4EE500157F5A /* AccountInfoHandler.m in Sources */ = {isa = PBXBuildFile; fileRef = EF10AB4616396C2B00D43DAB /* AccountInfoHandler.m */; };
		EF7A0C1416AF4EE500157F5A /* AZUITextField.m in Sources */ = {isa = PBXBuildFile; fileRef = EF31458B163C021300CF1AD3 /* AZUITextField.m */; };
		EF7A0C1516AF4EE500157F5A /* URLHandler.m in Sources */ = {isa = PBXBuildFile; fileRef = EF31458E163C0FDA00CF1AD3 /* URLHandler.m */; };
		EF7A0C1616AF4EE500157F5A /* ConstantStrings.m in Sources */ = {isa = PBXBuildFile; fileRef = EF314591163C115300CF1AD3 /* ConstantStrings.m */; };
		EF7A0C1716AF4EE500157F5A /* NSString+MD5.m in Sources */ = {isa = PBXBuildFile; fileRef = EF314594163C14CF00CF1AD3 /* NSString+MD5.m */; };
		EF7A0C1816AF4EE500157F5A /* SystemSetting.m in Sources */ = {isa = PBXBuildFile; fileRef = EF314597163C194F00CF1AD3 /* SystemSetting.m */; };
		EF7A0C1916AF4EE500157F5A /* AddSpecialViewController.m in Sources */ = {isa = PBXBuildFile; fileRef = EF31459E163C1E0B00CF1AD3 /* AddSpecialViewController.m */; };
		EF7A0C1A16AF4EE500157F5A /* SSTextView.m in Sources */ = {isa = PBXBuildFile; fileRef = EF3145A1163C249D00CF1AD3 /* SSTextView.m */; };
		EF7A0C1B16AF4EE500157F5A /* PreviewViewController.m in Sources */ = {isa = PBXBuildFile; fileRef = EF3145A9163D2CA100CF1AD3 /* PreviewViewController.m */; };
		EF7A0C1C16AF4EE500157F5A /* NSDate+formatString.m in Sources */ = {isa = PBXBuildFile; fileRef = EF370042163EA24300078E42 /* NSDate+formatString.m */; };
		EF7A0C1D16AF4EE500157F5A /* Constant.m in Sources */ = {isa = PBXBuildFile; fileRef = EF370046163EA71E00078E42 /* Constant.m */; };
		EF7A0C1E16AF4EE500157F5A /* UITextField+Validation.m in Sources */ = {isa = PBXBuildFile; fileRef = EF370049163EB10600078E42 /* UITextField+Validation.m */; };
		EF7A0C1F16AF4EE500157F5A /* ASIFormDataRequest+YammiService.m in Sources */ = {isa = PBXBuildFile; fileRef = EF496ED3167BFFDE0035A17D /* ASIFormDataRequest+YammiService.m */; };
		EF7A0C2116AF4EE500157F5A /* CoreLocation.framework in Frameworks */ = {isa = PBXBuildFile; fileRef = EFEE26981645502A0054B1A2 /* CoreLocation.framework */; };
		EF7A0C2216AF4EE500157F5A /* libz.dylib in Frameworks */ = {isa = PBXBuildFile; fileRef = EF10AAED163946B800D43DAB /* libz.dylib */; };
		EF7A0C2316AF4EE500157F5A /* MobileCoreServices.framework in Frameworks */ = {isa = PBXBuildFile; fileRef = EF10AAEB163938C500D43DAB /* MobileCoreServices.framework */; };
		EF7A0C2416AF4EE500157F5A /* SystemConfiguration.framework in Frameworks */ = {isa = PBXBuildFile; fileRef = EF10AAE9163938BF00D43DAB /* SystemConfiguration.framework */; };
		EF7A0C2516AF4EE500157F5A /* CFNetwork.framework in Frameworks */ = {isa = PBXBuildFile; fileRef = EF10AAE7163938B500D43DAB /* CFNetwork.framework */; };
		EF7A0C2616AF4EE500157F5A /* UIKit.framework in Frameworks */ = {isa = PBXBuildFile; fileRef = EF5374A516392E0D000F3508 /* UIKit.framework */; };
		EF7A0C2716AF4EE500157F5A /* Foundation.framework in Frameworks */ = {isa = PBXBuildFile; fileRef = EF5374A716392E0D000F3508 /* Foundation.framework */; };
		EF7A0C2816AF4EE500157F5A /* CoreGraphics.framework in Frameworks */ = {isa = PBXBuildFile; fileRef = EF5374A916392E0D000F3508 /* CoreGraphics.framework */; };
		EF7A0C2A16AF4EE500157F5A /* Default.png in Resources */ = {isa = PBXBuildFile; fileRef = EF5374B716392E0D000F3508 /* Default.png */; };
		EF7A0C2B16AF4EE500157F5A /* Default@2x.png in Resources */ = {isa = PBXBuildFile; fileRef = EF5374B916392E0D000F3508 /* Default@2x.png */; };
		EF7A0C2C16AF4EE500157F5A /* ic_launcher_logo_96.png in Resources */ = {isa = PBXBuildFile; fileRef = EF314580163BF9F000CF1AD3 /* ic_launcher_logo_96.png */; };
		EF7A0C2D16AF4EE500157F5A /* greenButton.png in Resources */ = {isa = PBXBuildFile; fileRef = EF314586163BFC6F00CF1AD3 /* greenButton.png */; };
		EF7A0C2E16AF4EE500157F5A /* greenButton@2x.png in Resources */ = {isa = PBXBuildFile; fileRef = EF314587163BFC6F00CF1AD3 /* greenButton@2x.png */; };
		EF7A0C2F16AF4EE500157F5A /* AddSpecialViewController_iPad.xib in Resources */ = {isa = PBXBuildFile; fileRef = EF314599163C1DCE00CF1AD3 /* AddSpecialViewController_iPad.xib */; };
		EF7A0C3016AF4EE500157F5A /* AddSpecialViewController_iPhone.xib in Resources */ = {isa = PBXBuildFile; fileRef = EF31459A163C1DCE00CF1AD3 /* AddSpecialViewController_iPhone.xib */; };
		EF7A0C3116AF4EE500157F5A /* ic_back_72_nobg.png in Resources */ = {isa = PBXBuildFile; fileRef = EF3145A3163C28BB00CF1AD3 /* ic_back_72_nobg.png */; };
		EF7A0C3216AF4EE500157F5A /* index.html in Resources */ = {isa = PBXBuildFile; fileRef = EF3145B2163D30EB00CF1AD3 /* index.html */; };
		EF7A0C3316AF4EE500157F5A /* asserts in Resources */ = {isa = PBXBuildFile; fileRef = EF3145B8163D38C300CF1AD3 /* asserts */; };
		EF7A0C3416AF4EE500157F5A /* setting.png in Resources */ = {isa = PBXBuildFile; fileRef = EFE44E8F1647153E007DF1EC /* setting.png */; };
		EF7A0C3516AF4EE500157F5A /* en.lproj in Resources */ = {isa = PBXBuildFile; fileRef = EFCF59D316491DC100DF74D8 /* en.lproj */; };
		EF7A0C3616AF4EE500157F5A /* fi.lproj in Resources */ = {isa = PBXBuildFile; fileRef = EFCF59D416491DC100DF74D8 /* fi.lproj */; };
		EF7A0C3716AF4EE500157F5A /* zh_Hans.lproj in Resources */ = {isa = PBXBuildFile; fileRef = EFCF59DB1649237F00DF74D8 /* zh_Hans.lproj */; };
		EF7A0C3816AF4EE500157F5A /* ViewController_iPad.xib in Resources */ = {isa = PBXBuildFile; fileRef = EFCF59EC1649996E00DF74D8 /* ViewController_iPad.xib */; };
		EF7A0C3916AF4EE500157F5A /* ViewController_iPhone.xib in Resources */ = {isa = PBXBuildFile; fileRef = EFCF59ED1649996E00DF74D8 /* ViewController_iPhone.xib */; };
		EF7A0C3A16AF4EE500157F5A /* greenButtonHighlight.png in Resources */ = {isa = PBXBuildFile; fileRef = EF8830E116A32BE60084317C /* greenButtonHighlight.png */; };
		EF7A0C3B16AF4EE500157F5A /* greenButtonHighlight@2x.png in Resources */ = {isa = PBXBuildFile; fileRef = EF8830E216A32BE60084317C /* greenButtonHighlight@2x.png */; };
		EF7A0C3E16AF4EE500157F5A /* Default-568h@2x.png in Resources */ = {isa = PBXBuildFile; fileRef = EF8830ED16A356D20084317C /* Default-568h@2x.png */; };
		EF8830E316A32BE60084317C /* greenButtonHighlight.png in Resources */ = {isa = PBXBuildFile; fileRef = EF8830E116A32BE60084317C /* greenButtonHighlight.png */; };
		EF8830E416A32BE60084317C /* greenButtonHighlight@2x.png in Resources */ = {isa = PBXBuildFile; fileRef = EF8830E216A32BE60084317C /* greenButtonHighlight@2x.png */; };
		EF8830EE16A356D20084317C /* Default-568h@2x.png in Resources */ = {isa = PBXBuildFile; fileRef = EF8830ED16A356D20084317C /* Default-568h@2x.png */; };
		EFCF59D616491DC100DF74D8 /* en.lproj in Resources */ = {isa = PBXBuildFile; fileRef = EFCF59D316491DC100DF74D8 /* en.lproj */; };
		EFCF59D716491DC100DF74D8 /* fi.lproj in Resources */ = {isa = PBXBuildFile; fileRef = EFCF59D416491DC100DF74D8 /* fi.lproj */; };
		EFCF59DC1649237F00DF74D8 /* zh_Hans.lproj in Resources */ = {isa = PBXBuildFile; fileRef = EFCF59DB1649237F00DF74D8 /* zh_Hans.lproj */; };
		EFCF59EE1649996E00DF74D8 /* ViewController_iPad.xib in Resources */ = {isa = PBXBuildFile; fileRef = EFCF59EC1649996E00DF74D8 /* ViewController_iPad.xib */; };
		EFCF59EF1649996E00DF74D8 /* ViewController_iPhone.xib in Resources */ = {isa = PBXBuildFile; fileRef = EFCF59ED1649996E00DF74D8 /* ViewController_iPhone.xib */; };
		EFE44E901647153E007DF1EC /* setting.png in Resources */ = {isa = PBXBuildFile; fileRef = EFE44E8F1647153E007DF1EC /* setting.png */; };
		EFEE26991645502A0054B1A2 /* CoreLocation.framework in Frameworks */ = {isa = PBXBuildFile; fileRef = EFEE26981645502A0054B1A2 /* CoreLocation.framework */; };
/* End PBXBuildFile section */

/* Begin PBXFileReference section */
		EF10AAD11639388500D43DAB /* ASIAuthenticationDialog.h */ = {isa = PBXFileReference; lastKnownFileType = sourcecode.c.h; name = ASIAuthenticationDialog.h; path = "asi-http-request/Classes/ASIAuthenticationDialog.h"; sourceTree = "<group>"; };
		EF10AAD21639388500D43DAB /* ASIAuthenticationDialog.m */ = {isa = PBXFileReference; lastKnownFileType = sourcecode.c.objc; name = ASIAuthenticationDialog.m; path = "asi-http-request/Classes/ASIAuthenticationDialog.m"; sourceTree = "<group>"; };
		EF10AAD31639388500D43DAB /* ASICacheDelegate.h */ = {isa = PBXFileReference; lastKnownFileType = sourcecode.c.h; name = ASICacheDelegate.h; path = "asi-http-request/Classes/ASICacheDelegate.h"; sourceTree = "<group>"; };
		EF10AAD41639388500D43DAB /* ASIDataCompressor.h */ = {isa = PBXFileReference; lastKnownFileType = sourcecode.c.h; name = ASIDataCompressor.h; path = "asi-http-request/Classes/ASIDataCompressor.h"; sourceTree = "<group>"; };
		EF10AAD51639388500D43DAB /* ASIDataCompressor.m */ = {isa = PBXFileReference; lastKnownFileType = sourcecode.c.objc; name = ASIDataCompressor.m; path = "asi-http-request/Classes/ASIDataCompressor.m"; sourceTree = "<group>"; };
		EF10AAD61639388500D43DAB /* ASIDataDecompressor.h */ = {isa = PBXFileReference; lastKnownFileType = sourcecode.c.h; name = ASIDataDecompressor.h; path = "asi-http-request/Classes/ASIDataDecompressor.h"; sourceTree = "<group>"; };
		EF10AAD71639388500D43DAB /* ASIDataDecompressor.m */ = {isa = PBXFileReference; lastKnownFileType = sourcecode.c.objc; name = ASIDataDecompressor.m; path = "asi-http-request/Classes/ASIDataDecompressor.m"; sourceTree = "<group>"; };
		EF10AAD81639388500D43DAB /* ASIDownloadCache.h */ = {isa = PBXFileReference; lastKnownFileType = sourcecode.c.h; name = ASIDownloadCache.h; path = "asi-http-request/Classes/ASIDownloadCache.h"; sourceTree = "<group>"; };
		EF10AAD91639388500D43DAB /* ASIDownloadCache.m */ = {isa = PBXFileReference; lastKnownFileType = sourcecode.c.objc; name = ASIDownloadCache.m; path = "asi-http-request/Classes/ASIDownloadCache.m"; sourceTree = "<group>"; };
		EF10AADA1639388500D43DAB /* ASIFormDataRequest.h */ = {isa = PBXFileReference; lastKnownFileType = sourcecode.c.h; name = ASIFormDataRequest.h; path = "asi-http-request/Classes/ASIFormDataRequest.h"; sourceTree = "<group>"; };
		EF10AADB1639388500D43DAB /* ASIFormDataRequest.m */ = {isa = PBXFileReference; lastKnownFileType = sourcecode.c.objc; name = ASIFormDataRequest.m; path = "asi-http-request/Classes/ASIFormDataRequest.m"; sourceTree = "<group>"; };
		EF10AADC1639388500D43DAB /* ASIHTTPRequest.h */ = {isa = PBXFileReference; lastKnownFileType = sourcecode.c.h; name = ASIHTTPRequest.h; path = "asi-http-request/Classes/ASIHTTPRequest.h"; sourceTree = "<group>"; };
		EF10AADD1639388500D43DAB /* ASIHTTPRequest.m */ = {isa = PBXFileReference; lastKnownFileType = sourcecode.c.objc; name = ASIHTTPRequest.m; path = "asi-http-request/Classes/ASIHTTPRequest.m"; sourceTree = "<group>"; };
		EF10AADE1639388500D43DAB /* ASIHTTPRequestConfig.h */ = {isa = PBXFileReference; lastKnownFileType = sourcecode.c.h; name = ASIHTTPRequestConfig.h; path = "asi-http-request/Classes/ASIHTTPRequestConfig.h"; sourceTree = "<group>"; };
		EF10AADF1639388500D43DAB /* ASIHTTPRequestDelegate.h */ = {isa = PBXFileReference; lastKnownFileType = sourcecode.c.h; name = ASIHTTPRequestDelegate.h; path = "asi-http-request/Classes/ASIHTTPRequestDelegate.h"; sourceTree = "<group>"; };
		EF10AAE01639388500D43DAB /* ASIInputStream.h */ = {isa = PBXFileReference; lastKnownFileType = sourcecode.c.h; name = ASIInputStream.h; path = "asi-http-request/Classes/ASIInputStream.h"; sourceTree = "<group>"; };
		EF10AAE11639388500D43DAB /* ASIInputStream.m */ = {isa = PBXFileReference; lastKnownFileType = sourcecode.c.objc; name = ASIInputStream.m; path = "asi-http-request/Classes/ASIInputStream.m"; sourceTree = "<group>"; };
		EF10AAE21639388500D43DAB /* ASINetworkQueue.h */ = {isa = PBXFileReference; lastKnownFileType = sourcecode.c.h; name = ASINetworkQueue.h; path = "asi-http-request/Classes/ASINetworkQueue.h"; sourceTree = "<group>"; };
		EF10AAE31639388500D43DAB /* ASINetworkQueue.m */ = {isa = PBXFileReference; lastKnownFileType = sourcecode.c.objc; name = ASINetworkQueue.m; path = "asi-http-request/Classes/ASINetworkQueue.m"; sourceTree = "<group>"; };
		EF10AAE41639388500D43DAB /* ASIProgressDelegate.h */ = {isa = PBXFileReference; lastKnownFileType = sourcecode.c.h; name = ASIProgressDelegate.h; path = "asi-http-request/Classes/ASIProgressDelegate.h"; sourceTree = "<group>"; };
		EF10AAE5163938A800D43DAB /* Reachability.h */ = {isa = PBXFileReference; lastKnownFileType = sourcecode.c.h; name = Reachability.h; path = "asi-http-request/External/Reachability/Reachability.h"; sourceTree = "<group>"; };
		EF10AAE6163938A800D43DAB /* Reachability.m */ = {isa = PBXFileReference; lastKnownFileType = sourcecode.c.objc; name = Reachability.m; path = "asi-http-request/External/Reachability/Reachability.m"; sourceTree = "<group>"; };
		EF10AAE7163938B500D43DAB /* CFNetwork.framework */ = {isa = PBXFileReference; lastKnownFileType = wrapper.framework; name = CFNetwork.framework; path = System/Library/Frameworks/CFNetwork.framework; sourceTree = SDKROOT; };
		EF10AAE9163938BF00D43DAB /* SystemConfiguration.framework */ = {isa = PBXFileReference; lastKnownFileType = wrapper.framework; name = SystemConfiguration.framework; path = System/Library/Frameworks/SystemConfiguration.framework; sourceTree = SDKROOT; };
		EF10AAEB163938C500D43DAB /* MobileCoreServices.framework */ = {isa = PBXFileReference; lastKnownFileType = wrapper.framework; name = MobileCoreServices.framework; path = System/Library/Frameworks/MobileCoreServices.framework; sourceTree = SDKROOT; };
		EF10AAED163946B800D43DAB /* libz.dylib */ = {isa = PBXFileReference; lastKnownFileType = "compiled.mach-o.dylib"; name = libz.dylib; path = usr/lib/libz.dylib; sourceTree = SDKROOT; };
		EF10AAEF1639487D00D43DAB /* YawiiServiceHandler.h */ = {isa = PBXFileReference; fileEncoding = 4; lastKnownFileType = sourcecode.c.h; path = YawiiServiceHandler.h; sourceTree = "<group>"; };
		EF10AAF01639487D00D43DAB /* YawiiServiceHandler.m */ = {isa = PBXFileReference; fileEncoding = 4; lastKnownFileType = sourcecode.c.objc; path = YawiiServiceHandler.m; sourceTree = "<group>"; };
		EF10AAFC16394AD300D43DAB /* MBProgressHUD.h */ = {isa = PBXFileReference; fileEncoding = 4; lastKnownFileType = sourcecode.c.h; name = MBProgressHUD.h; path = MBProgressHUD/MBProgressHUD.h; sourceTree = "<group>"; };
		EF10AAFD16394AD300D43DAB /* MBProgressHUD.m */ = {isa = PBXFileReference; fileEncoding = 4; lastKnownFileType = sourcecode.c.objc; name = MBProgressHUD.m; path = MBProgressHUD/MBProgressHUD.m; sourceTree = "<group>"; };
		EF10AAFF16394E2800D43DAB /* YawiiJSONPaser.h */ = {isa = PBXFileReference; fileEncoding = 4; lastKnownFileType = sourcecode.c.h; path = YawiiJSONPaser.h; sourceTree = "<group>"; };
		EF10AB0016394E2800D43DAB /* YawiiJSONPaser.m */ = {isa = PBXFileReference; fileEncoding = 4; lastKnownFileType = sourcecode.c.objc; path = YawiiJSONPaser.m; sourceTree = "<group>"; };
		EF10AB041639531E00D43DAB /* NSObject+SBJson.h */ = {isa = PBXFileReference; fileEncoding = 4; lastKnownFileType = sourcecode.c.h; path = "NSObject+SBJson.h"; sourceTree = "<group>"; };
		EF10AB051639531E00D43DAB /* NSObject+SBJson.m */ = {isa = PBXFileReference; fileEncoding = 4; lastKnownFileType = sourcecode.c.objc; path = "NSObject+SBJson.m"; sourceTree = "<group>"; };
		EF10AB061639531E00D43DAB /* SBJson.h */ = {isa = PBXFileReference; fileEncoding = 4; lastKnownFileType = sourcecode.c.h; path = SBJson.h; sourceTree = "<group>"; };
		EF10AB071639531E00D43DAB /* SBJsonParser.h */ = {isa = PBXFileReference; fileEncoding = 4; lastKnownFileType = sourcecode.c.h; path = SBJsonParser.h; sourceTree = "<group>"; };
		EF10AB081639531E00D43DAB /* SBJsonParser.m */ = {isa = PBXFileReference; fileEncoding = 4; lastKnownFileType = sourcecode.c.objc; path = SBJsonParser.m; sourceTree = "<group>"; };
		EF10AB091639531E00D43DAB /* SBJsonStreamParser.h */ = {isa = PBXFileReference; fileEncoding = 4; lastKnownFileType = sourcecode.c.h; path = SBJsonStreamParser.h; sourceTree = "<group>"; };
		EF10AB0A1639531E00D43DAB /* SBJsonStreamParser.m */ = {isa = PBXFileReference; fileEncoding = 4; lastKnownFileType = sourcecode.c.objc; path = SBJsonStreamParser.m; sourceTree = "<group>"; };
		EF10AB0B1639531E00D43DAB /* SBJsonStreamParserAccumulator.h */ = {isa = PBXFileReference; fileEncoding = 4; lastKnownFileType = sourcecode.c.h; path = SBJsonStreamParserAccumulator.h; sourceTree = "<group>"; };
		EF10AB0C1639531E00D43DAB /* SBJsonStreamParserAccumulator.m */ = {isa = PBXFileReference; fileEncoding = 4; lastKnownFileType = sourcecode.c.objc; path = SBJsonStreamParserAccumulator.m; sourceTree = "<group>"; };
		EF10AB0D1639531E00D43DAB /* SBJsonStreamParserAdapter.h */ = {isa = PBXFileReference; fileEncoding = 4; lastKnownFileType = sourcecode.c.h; path = SBJsonStreamParserAdapter.h; sourceTree = "<group>"; };
		EF10AB0E1639531E00D43DAB /* SBJsonStreamParserAdapter.m */ = {isa = PBXFileReference; fileEncoding = 4; lastKnownFileType = sourcecode.c.objc; path = SBJsonStreamParserAdapter.m; sourceTree = "<group>"; };
		EF10AB0F1639531E00D43DAB /* SBJsonStreamParserState.h */ = {isa = PBXFileReference; fileEncoding = 4; lastKnownFileType = sourcecode.c.h; path = SBJsonStreamParserState.h; sourceTree = "<group>"; };
		EF10AB101639531E00D43DAB /* SBJsonStreamParserState.m */ = {isa = PBXFileReference; fileEncoding = 4; lastKnownFileType = sourcecode.c.objc; path = SBJsonStreamParserState.m; sourceTree = "<group>"; };
		EF10AB111639531E00D43DAB /* SBJsonStreamWriter.h */ = {isa = PBXFileReference; fileEncoding = 4; lastKnownFileType = sourcecode.c.h; path = SBJsonStreamWriter.h; sourceTree = "<group>"; };
		EF10AB121639531E00D43DAB /* SBJsonStreamWriter.m */ = {isa = PBXFileReference; fileEncoding = 4; lastKnownFileType = sourcecode.c.objc; path = SBJsonStreamWriter.m; sourceTree = "<group>"; };
		EF10AB131639531E00D43DAB /* SBJsonStreamWriterAccumulator.h */ = {isa = PBXFileReference; fileEncoding = 4; lastKnownFileType = sourcecode.c.h; path = SBJsonStreamWriterAccumulator.h; sourceTree = "<group>"; };
		EF10AB141639531E00D43DAB /* SBJsonStreamWriterAccumulator.m */ = {isa = PBXFileReference; fileEncoding = 4; lastKnownFileType = sourcecode.c.objc; path = SBJsonStreamWriterAccumulator.m; sourceTree = "<group>"; };
		EF10AB151639531E00D43DAB /* SBJsonStreamWriterState.h */ = {isa = PBXFileReference; fileEncoding = 4; lastKnownFileType = sourcecode.c.h; path = SBJsonStreamWriterState.h; sourceTree = "<group>"; };
		EF10AB161639531E00D43DAB /* SBJsonStreamWriterState.m */ = {isa = PBXFileReference; fileEncoding = 4; lastKnownFileType = sourcecode.c.objc; path = SBJsonStreamWriterState.m; sourceTree = "<group>"; };
		EF10AB171639531E00D43DAB /* SBJsonTokeniser.h */ = {isa = PBXFileReference; fileEncoding = 4; lastKnownFileType = sourcecode.c.h; path = SBJsonTokeniser.h; sourceTree = "<group>"; };
		EF10AB181639531E00D43DAB /* SBJsonTokeniser.m */ = {isa = PBXFileReference; fileEncoding = 4; lastKnownFileType = sourcecode.c.objc; path = SBJsonTokeniser.m; sourceTree = "<group>"; };
		EF10AB191639531E00D43DAB /* SBJsonUTF8Stream.h */ = {isa = PBXFileReference; fileEncoding = 4; lastKnownFileType = sourcecode.c.h; path = SBJsonUTF8Stream.h; sourceTree = "<group>"; };
		EF10AB1A1639531E00D43DAB /* SBJsonUTF8Stream.m */ = {isa = PBXFileReference; fileEncoding = 4; lastKnownFileType = sourcecode.c.objc; path = SBJsonUTF8Stream.m; sourceTree = "<group>"; };
		EF10AB1B1639531E00D43DAB /* SBJsonWriter.h */ = {isa = PBXFileReference; fileEncoding = 4; lastKnownFileType = sourcecode.c.h; path = SBJsonWriter.h; sourceTree = "<group>"; };
		EF10AB1C1639531E00D43DAB /* SBJsonWriter.m */ = {isa = PBXFileReference; fileEncoding = 4; lastKnownFileType = sourcecode.c.objc; path = SBJsonWriter.m; sourceTree = "<group>"; };
		EF10AB3A163954EB00D43DAB /* Utility.h */ = {isa = PBXFileReference; fileEncoding = 4; lastKnownFileType = sourcecode.c.h; path = Utility.h; sourceTree = "<group>"; };
		EF10AB3B163954EB00D43DAB /* Utility.m */ = {isa = PBXFileReference; fileEncoding = 4; lastKnownFileType = sourcecode.c.objc; path = Utility.m; sourceTree = "<group>"; };
		EF10AB3D16395A7800D43DAB /* YawiiServiceDelegate.h */ = {isa = PBXFileReference; fileEncoding = 4; lastKnownFileType = sourcecode.c.h; path = YawiiServiceDelegate.h; sourceTree = "<group>"; };
		EF10AB3E16395D7C00D43DAB /* JSONPaserDelegate.h */ = {isa = PBXFileReference; fileEncoding = 4; lastKnownFileType = sourcecode.c.h; path = JSONPaserDelegate.h; sourceTree = "<group>"; };
		EF10AB4516396C2B00D43DAB /* AccountInfoHandler.h */ = {isa = PBXFileReference; fileEncoding = 4; lastKnownFileType = sourcecode.c.h; path = AccountInfoHandler.h; sourceTree = "<group>"; };
		EF10AB4616396C2B00D43DAB /* AccountInfoHandler.m */ = {isa = PBXFileReference; fileEncoding = 4; lastKnownFileType = sourcecode.c.objc; path = AccountInfoHandler.m; sourceTree = "<group>"; };
		EF314580163BF9F000CF1AD3 /* ic_launcher_logo_96.png */ = {isa = PBXFileReference; lastKnownFileType = image.png; path = ic_launcher_logo_96.png; sourceTree = "<group>"; };
		EF314586163BFC6F00CF1AD3 /* greenButton.png */ = {isa = PBXFileReference; lastKnownFileType = image.png; path = greenButton.png; sourceTree = "<group>"; };
		EF314587163BFC6F00CF1AD3 /* greenButton@2x.png */ = {isa = PBXFileReference; lastKnownFileType = image.png; path = "greenButton@2x.png"; sourceTree = "<group>"; };
		EF31458A163C021300CF1AD3 /* AZUITextField.h */ = {isa = PBXFileReference; fileEncoding = 4; lastKnownFileType = sourcecode.c.h; path = AZUITextField.h; sourceTree = "<group>"; };
		EF31458B163C021300CF1AD3 /* AZUITextField.m */ = {isa = PBXFileReference; fileEncoding = 4; lastKnownFileType = sourcecode.c.objc; path = AZUITextField.m; sourceTree = "<group>"; };
		EF31458D163C0FDA00CF1AD3 /* URLHandler.h */ = {isa = PBXFileReference; fileEncoding = 4; lastKnownFileType = sourcecode.c.h; path = URLHandler.h; sourceTree = "<group>"; };
		EF31458E163C0FDA00CF1AD3 /* URLHandler.m */ = {isa = PBXFileReference; fileEncoding = 4; lastKnownFileType = sourcecode.c.objc; path = URLHandler.m; sourceTree = "<group>"; };
		EF314590163C115300CF1AD3 /* ConstantStrings.h */ = {isa = PBXFileReference; fileEncoding = 4; lastKnownFileType = sourcecode.c.h; path = ConstantStrings.h; sourceTree = "<group>"; };
		EF314591163C115300CF1AD3 /* ConstantStrings.m */ = {isa = PBXFileReference; fileEncoding = 4; lastKnownFileType = sourcecode.c.objc; path = ConstantStrings.m; sourceTree = "<group>"; };
		EF314593163C14CF00CF1AD3 /* NSString+MD5.h */ = {isa = PBXFileReference; fileEncoding = 4; lastKnownFileType = sourcecode.c.h; path = "NSString+MD5.h"; sourceTree = "<group>"; };
		EF314594163C14CF00CF1AD3 /* NSString+MD5.m */ = {isa = PBXFileReference; fileEncoding = 4; lastKnownFileType = sourcecode.c.objc; path = "NSString+MD5.m"; sourceTree = "<group>"; };
		EF314596163C194F00CF1AD3 /* SystemSetting.h */ = {isa = PBXFileReference; fileEncoding = 4; lastKnownFileType = sourcecode.c.h; path = SystemSetting.h; sourceTree = "<group>"; };
		EF314597163C194F00CF1AD3 /* SystemSetting.m */ = {isa = PBXFileReference; fileEncoding = 4; lastKnownFileType = sourcecode.c.objc; path = SystemSetting.m; sourceTree = "<group>"; };
		EF314599163C1DCE00CF1AD3 /* AddSpecialViewController_iPad.xib */ = {isa = PBXFileReference; fileEncoding = 4; lastKnownFileType = file.xib; path = AddSpecialViewController_iPad.xib; sourceTree = "<group>"; };
		EF31459A163C1DCE00CF1AD3 /* AddSpecialViewController_iPhone.xib */ = {isa = PBXFileReference; fileEncoding = 4; lastKnownFileType = file.xib; path = AddSpecialViewController_iPhone.xib; sourceTree = "<group>"; };
		EF31459D163C1E0B00CF1AD3 /* AddSpecialViewController.h */ = {isa = PBXFileReference; fileEncoding = 4; lastKnownFileType = sourcecode.c.h; path = AddSpecialViewController.h; sourceTree = "<group>"; };
		EF31459E163C1E0B00CF1AD3 /* AddSpecialViewController.m */ = {isa = PBXFileReference; fileEncoding = 4; lastKnownFileType = sourcecode.c.objc; path = AddSpecialViewController.m; sourceTree = "<group>"; };
		EF3145A0163C249C00CF1AD3 /* SSTextView.h */ = {isa = PBXFileReference; fileEncoding = 4; lastKnownFileType = sourcecode.c.h; path = SSTextView.h; sourceTree = "<group>"; };
		EF3145A1163C249D00CF1AD3 /* SSTextView.m */ = {isa = PBXFileReference; fileEncoding = 4; lastKnownFileType = sourcecode.c.objc; path = SSTextView.m; sourceTree = "<group>"; };
		EF3145A3163C28BB00CF1AD3 /* ic_back_72_nobg.png */ = {isa = PBXFileReference; lastKnownFileType = image.png; path = ic_back_72_nobg.png; sourceTree = "<group>"; };
		EF3145A8163D2CA100CF1AD3 /* PreviewViewController.h */ = {isa = PBXFileReference; fileEncoding = 4; lastKnownFileType = sourcecode.c.h; path = PreviewViewController.h; sourceTree = "<group>"; };
		EF3145A9163D2CA100CF1AD3 /* PreviewViewController.m */ = {isa = PBXFileReference; fileEncoding = 4; lastKnownFileType = sourcecode.c.objc; path = PreviewViewController.m; sourceTree = "<group>"; };
		EF3145B2163D30EB00CF1AD3 /* index.html */ = {isa = PBXFileReference; fileEncoding = 4; lastKnownFileType = text.html; path = index.html; sourceTree = "<group>"; };
		EF3145B8163D38C300CF1AD3 /* asserts */ = {isa = PBXFileReference; lastKnownFileType = folder; path = asserts; sourceTree = "<group>"; };
		EF370041163EA24300078E42 /* NSDate+formatString.h */ = {isa = PBXFileReference; fileEncoding = 4; lastKnownFileType = sourcecode.c.h; path = "NSDate+formatString.h"; sourceTree = "<group>"; };
		EF370042163EA24300078E42 /* NSDate+formatString.m */ = {isa = PBXFileReference; fileEncoding = 4; lastKnownFileType = sourcecode.c.objc; path = "NSDate+formatString.m"; sourceTree = "<group>"; };
		EF370045163EA71E00078E42 /* Constant.h */ = {isa = PBXFileReference; fileEncoding = 4; lastKnownFileType = sourcecode.c.h; path = Constant.h; sourceTree = "<group>"; };
		EF370046163EA71E00078E42 /* Constant.m */ = {isa = PBXFileReference; fileEncoding = 4; lastKnownFileType = sourcecode.c.objc; path = Constant.m; sourceTree = "<group>"; };
		EF370048163EB10600078E42 /* UITextField+Validation.h */ = {isa = PBXFileReference; fileEncoding = 4; lastKnownFileType = sourcecode.c.h; path = "UITextField+Validation.h"; sourceTree = "<group>"; };
		EF370049163EB10600078E42 /* UITextField+Validation.m */ = {isa = PBXFileReference; fileEncoding = 4; lastKnownFileType = sourcecode.c.objc; path = "UITextField+Validation.m"; sourceTree = "<group>"; };
		EF496ED2167BFFDE0035A17D /* ASIFormDataRequest+YammiService.h */ = {isa = PBXFileReference; fileEncoding = 4; lastKnownFileType = sourcecode.c.h; path = "ASIFormDataRequest+YammiService.h"; sourceTree = "<group>"; };
		EF496ED3167BFFDE0035A17D /* ASIFormDataRequest+YammiService.m */ = {isa = PBXFileReference; fileEncoding = 4; lastKnownFileType = sourcecode.c.objc; path = "ASIFormDataRequest+YammiService.m"; sourceTree = "<group>"; };
		EF4C45AD16B5CC2400439F31 /* yamii.business.57.png */ = {isa = PBXFileReference; lastKnownFileType = image.png; path = yamii.business.57.png; sourceTree = "<group>"; };
		EF4C45AF16B5CC2D00439F31 /* yamii.business.114.png */ = {isa = PBXFileReference; lastKnownFileType = image.png; path = yamii.business.114.png; sourceTree = "<group>"; };
		EF5374A116392E0D000F3508 /* YawiiB.app */ = {isa = PBXFileReference; explicitFileType = wrapper.application; includeInIndex = 0; path = YawiiB.app; sourceTree = BUILT_PRODUCTS_DIR; };
		EF5374A516392E0D000F3508 /* UIKit.framework */ = {isa = PBXFileReference; lastKnownFileType = wrapper.framework; name = UIKit.framework; path = System/Library/Frameworks/UIKit.framework; sourceTree = SDKROOT; };
		EF5374A716392E0D000F3508 /* Foundation.framework */ = {isa = PBXFileReference; lastKnownFileType = wrapper.framework; name = Foundation.framework; path = System/Library/Frameworks/Foundation.framework; sourceTree = SDKROOT; };
		EF5374A916392E0D000F3508 /* CoreGraphics.framework */ = {isa = PBXFileReference; lastKnownFileType = wrapper.framework; name = CoreGraphics.framework; path = System/Library/Frameworks/CoreGraphics.framework; sourceTree = SDKROOT; };
		EF5374AD16392E0D000F3508 /* YawiiB-Info.plist */ = {isa = PBXFileReference; lastKnownFileType = text.plist.xml; path = "YawiiB-Info.plist"; sourceTree = "<group>"; };
		EF5374B116392E0D000F3508 /* main.m */ = {isa = PBXFileReference; lastKnownFileType = sourcecode.c.objc; path = main.m; sourceTree = "<group>"; };
		EF5374B316392E0D000F3508 /* YawiiB-Prefix.pch */ = {isa = PBXFileReference; lastKnownFileType = sourcecode.c.h; path = "YawiiB-Prefix.pch"; sourceTree = "<group>"; };
		EF5374B416392E0D000F3508 /* AppDelegate.h */ = {isa = PBXFileReference; lastKnownFileType = sourcecode.c.h; path = AppDelegate.h; sourceTree = "<group>"; };
		EF5374B516392E0D000F3508 /* AppDelegate.m */ = {isa = PBXFileReference; lastKnownFileType = sourcecode.c.objc; path = AppDelegate.m; sourceTree = "<group>"; };
		EF5374B716392E0D000F3508 /* Default.png */ = {isa = PBXFileReference; lastKnownFileType = image.png; path = Default.png; sourceTree = "<group>"; };
		EF5374B916392E0D000F3508 /* Default@2x.png */ = {isa = PBXFileReference; lastKnownFileType = image.png; path = "Default@2x.png"; sourceTree = "<group>"; };
		EF5374BD16392E0D000F3508 /* ViewController.h */ = {isa = PBXFileReference; lastKnownFileType = sourcecode.c.h; path = ViewController.h; sourceTree = "<group>"; };
		EF5374BE16392E0D000F3508 /* ViewController.m */ = {isa = PBXFileReference; lastKnownFileType = sourcecode.c.objc; path = ViewController.m; sourceTree = "<group>"; };
		EF7A0C4316AF4EE500157F5A /* YawiiB copy.app */ = {isa = PBXFileReference; explicitFileType = wrapper.application; includeInIndex = 0; path = "YawiiB copy.app"; sourceTree = BUILT_PRODUCTS_DIR; };
		EF7A0C4516AF4EE500157F5A /* YawiiB copy-Info.plist */ = {isa = PBXFileReference; lastKnownFileType = text.plist.xml; name = "YawiiB copy-Info.plist"; path = "/Users/wenqingzhou/Desktop/YawiiB/YawiiB copy-Info.plist"; sourceTree = "<absolute>"; };
		EF8830E116A32BE60084317C /* greenButtonHighlight.png */ = {isa = PBXFileReference; lastKnownFileType = image.png; path = greenButtonHighlight.png; sourceTree = "<group>"; };
		EF8830E216A32BE60084317C /* greenButtonHighlight@2x.png */ = {isa = PBXFileReference; lastKnownFileType = image.png; path = "greenButtonHighlight@2x.png"; sourceTree = "<group>"; };
		EF8830ED16A356D20084317C /* Default-568h@2x.png */ = {isa = PBXFileReference; lastKnownFileType = image.png; path = "Default-568h@2x.png"; sourceTree = "<group>"; };
		EFCF59D316491DC100DF74D8 /* en.lproj */ = {isa = PBXFileReference; lastKnownFileType = folder; name = en.lproj; path = YawiiB/en.lproj; sourceTree = "<group>"; };
		EFCF59D416491DC100DF74D8 /* fi.lproj */ = {isa = PBXFileReference; lastKnownFileType = folder; name = fi.lproj; path = YawiiB/fi.lproj; sourceTree = "<group>"; };
		EFCF59DB1649237F00DF74D8 /* zh_Hans.lproj */ = {isa = PBXFileReference; lastKnownFileType = folder; name = zh_Hans.lproj; path = YawiiB/zh_Hans.lproj; sourceTree = "<group>"; };
		EFCF59EC1649996E00DF74D8 /* ViewController_iPad.xib */ = {isa = PBXFileReference; fileEncoding = 4; lastKnownFileType = file.xib; path = ViewController_iPad.xib; sourceTree = "<group>"; };
		EFCF59ED1649996E00DF74D8 /* ViewController_iPhone.xib */ = {isa = PBXFileReference; fileEncoding = 4; lastKnownFileType = file.xib; path = ViewController_iPhone.xib; sourceTree = "<group>"; };
		EFE44E8F1647153E007DF1EC /* setting.png */ = {isa = PBXFileReference; lastKnownFileType = image.png; path = setting.png; sourceTree = "<group>"; };
		EFEE26981645502A0054B1A2 /* CoreLocation.framework */ = {isa = PBXFileReference; lastKnownFileType = wrapper.framework; name = CoreLocation.framework; path = System/Library/Frameworks/CoreLocation.framework; sourceTree = SDKROOT; };
/* End PBXFileReference section */

/* Begin PBXFrameworksBuildPhase section */
		EF53749E16392E0D000F3508 /* Frameworks */ = {
			isa = PBXFrameworksBuildPhase;
			buildActionMask = 2147483647;
			files = (
				EFEE26991645502A0054B1A2 /* CoreLocation.framework in Frameworks */,
				EF10AAEE163946B800D43DAB /* libz.dylib in Frameworks */,
				EF10AAEC163938C500D43DAB /* MobileCoreServices.framework in Frameworks */,
				EF10AAEA163938BF00D43DAB /* SystemConfiguration.framework in Frameworks */,
				EF10AAE8163938B500D43DAB /* CFNetwork.framework in Frameworks */,
				EF5374A616392E0D000F3508 /* UIKit.framework in Frameworks */,
				EF5374A816392E0D000F3508 /* Foundation.framework in Frameworks */,
				EF5374AA16392E0D000F3508 /* CoreGraphics.framework in Frameworks */,
			);
			runOnlyForDeploymentPostprocessing = 0;
		};
		EF7A0C2016AF4EE500157F5A /* Frameworks */ = {
			isa = PBXFrameworksBuildPhase;
			buildActionMask = 2147483647;
			files = (
				EF7A0C2116AF4EE500157F5A /* CoreLocation.framework in Frameworks */,
				EF7A0C2216AF4EE500157F5A /* libz.dylib in Frameworks */,
				EF7A0C2316AF4EE500157F5A /* MobileCoreServices.framework in Frameworks */,
				EF7A0C2416AF4EE500157F5A /* SystemConfiguration.framework in Frameworks */,
				EF7A0C2516AF4EE500157F5A /* CFNetwork.framework in Frameworks */,
				EF7A0C2616AF4EE500157F5A /* UIKit.framework in Frameworks */,
				EF7A0C2716AF4EE500157F5A /* Foundation.framework in Frameworks */,
				EF7A0C2816AF4EE500157F5A /* CoreGraphics.framework in Frameworks */,
			);
			runOnlyForDeploymentPostprocessing = 0;
		};
/* End PBXFrameworksBuildPhase section */

/* Begin PBXGroup section */
		EF10AACF163937FD00D43DAB /* asihttp */ = {
			isa = PBXGroup;
			children = (
				EF10AAD11639388500D43DAB /* ASIAuthenticationDialog.h */,
				EF10AAD21639388500D43DAB /* ASIAuthenticationDialog.m */,
				EF10AAD31639388500D43DAB /* ASICacheDelegate.h */,
				EF10AAD41639388500D43DAB /* ASIDataCompressor.h */,
				EF10AAD51639388500D43DAB /* ASIDataCompressor.m */,
				EF10AAD61639388500D43DAB /* ASIDataDecompressor.h */,
				EF10AAD71639388500D43DAB /* ASIDataDecompressor.m */,
				EF10AAD81639388500D43DAB /* ASIDownloadCache.h */,
				EF10AAD91639388500D43DAB /* ASIDownloadCache.m */,
				EF10AADA1639388500D43DAB /* ASIFormDataRequest.h */,
				EF10AADB1639388500D43DAB /* ASIFormDataRequest.m */,
				EF10AADC1639388500D43DAB /* ASIHTTPRequest.h */,
				EF10AADD1639388500D43DAB /* ASIHTTPRequest.m */,
				EF10AADE1639388500D43DAB /* ASIHTTPRequestConfig.h */,
				EF10AADF1639388500D43DAB /* ASIHTTPRequestDelegate.h */,
				EF10AAE01639388500D43DAB /* ASIInputStream.h */,
				EF10AAE11639388500D43DAB /* ASIInputStream.m */,
				EF10AAE21639388500D43DAB /* ASINetworkQueue.h */,
				EF10AAE31639388500D43DAB /* ASINetworkQueue.m */,
				EF10AAE41639388500D43DAB /* ASIProgressDelegate.h */,
				EF10AAE5163938A800D43DAB /* Reachability.h */,
				EF10AAE6163938A800D43DAB /* Reachability.m */,
			);
			name = asihttp;
			sourceTree = "<group>";
		};
		EF10AAFB16394ABA00D43DAB /* commonLib */ = {
			isa = PBXGroup;
			children = (
				EF10AAFC16394AD300D43DAB /* MBProgressHUD.h */,
				EF10AAFD16394AD300D43DAB /* MBProgressHUD.m */,
			);
			name = commonLib;
			sourceTree = "<group>";
		};
		EF10AB031639531E00D43DAB /* SBJSON */ = {
			isa = PBXGroup;
			children = (
				EF10AB041639531E00D43DAB /* NSObject+SBJson.h */,
				EF10AB051639531E00D43DAB /* NSObject+SBJson.m */,
				EF10AB061639531E00D43DAB /* SBJson.h */,
				EF10AB071639531E00D43DAB /* SBJsonParser.h */,
				EF10AB081639531E00D43DAB /* SBJsonParser.m */,
				EF10AB091639531E00D43DAB /* SBJsonStreamParser.h */,
				EF10AB0A1639531E00D43DAB /* SBJsonStreamParser.m */,
				EF10AB0B1639531E00D43DAB /* SBJsonStreamParserAccumulator.h */,
				EF10AB0C1639531E00D43DAB /* SBJsonStreamParserAccumulator.m */,
				EF10AB0D1639531E00D43DAB /* SBJsonStreamParserAdapter.h */,
				EF10AB0E1639531E00D43DAB /* SBJsonStreamParserAdapter.m */,
				EF10AB0F1639531E00D43DAB /* SBJsonStreamParserState.h */,
				EF10AB101639531E00D43DAB /* SBJsonStreamParserState.m */,
				EF10AB111639531E00D43DAB /* SBJsonStreamWriter.h */,
				EF10AB121639531E00D43DAB /* SBJsonStreamWriter.m */,
				EF10AB131639531E00D43DAB /* SBJsonStreamWriterAccumulator.h */,
				EF10AB141639531E00D43DAB /* SBJsonStreamWriterAccumulator.m */,
				EF10AB151639531E00D43DAB /* SBJsonStreamWriterState.h */,
				EF10AB161639531E00D43DAB /* SBJsonStreamWriterState.m */,
				EF10AB171639531E00D43DAB /* SBJsonTokeniser.h */,
				EF10AB181639531E00D43DAB /* SBJsonTokeniser.m */,
				EF10AB191639531E00D43DAB /* SBJsonUTF8Stream.h */,
				EF10AB1A1639531E00D43DAB /* SBJsonUTF8Stream.m */,
				EF10AB1B1639531E00D43DAB /* SBJsonWriter.h */,
				EF10AB1C1639531E00D43DAB /* SBJsonWriter.m */,
			);
			name = SBJSON;
			path = "json-framework/Classes";
			sourceTree = "<group>";
		};
		EF53749616392E0D000F3508 = {
			isa = PBXGroup;
			children = (
				EF4C45AF16B5CC2D00439F31 /* yamii.business.114.png */,
				EF4C45AD16B5CC2400439F31 /* yamii.business.57.png */,
				EFCF59DB1649237F00DF74D8 /* zh_Hans.lproj */,
				EFCF59D316491DC100DF74D8 /* en.lproj */,
				EFCF59D416491DC100DF74D8 /* fi.lproj */,
				EF10AAE9163938BF00D43DAB /* SystemConfiguration.framework */,
				EF10AAEB163938C500D43DAB /* MobileCoreServices.framework */,
				EF10AAE7163938B500D43DAB /* CFNetwork.framework */,
				EFEE26981645502A0054B1A2 /* CoreLocation.framework */,
				EF10AACF163937FD00D43DAB /* asihttp */,
				EF10AAFB16394ABA00D43DAB /* commonLib */,
				EF5374A416392E0D000F3508 /* Frameworks */,
				EF10AAED163946B800D43DAB /* libz.dylib */,
				EF5374A216392E0D000F3508 /* Products */,
				EF10AB031639531E00D43DAB /* SBJSON */,
				EF5374AB16392E0D000F3508 /* YawiiB */,
				EF7A0C4516AF4EE500157F5A /* YawiiB copy-Info.plist */,
			);
			sourceTree = "<group>";
		};
		EF5374A216392E0D000F3508 /* Products */ = {
			isa = PBXGroup;
			children = (
				EF5374A116392E0D000F3508 /* YawiiB.app */,
				EF7A0C4316AF4EE500157F5A /* YawiiB copy.app */,
			);
			name = Products;
			sourceTree = "<group>";
		};
		EF5374A416392E0D000F3508 /* Frameworks */ = {
			isa = PBXGroup;
			children = (
				EF5374A516392E0D000F3508 /* UIKit.framework */,
				EF5374A716392E0D000F3508 /* Foundation.framework */,
				EF5374A916392E0D000F3508 /* CoreGraphics.framework */,
			);
			name = Frameworks;
			sourceTree = "<group>";
		};
		EF5374AB16392E0D000F3508 /* YawiiB */ = {
			isa = PBXGroup;
			children = (
				EF496ED2167BFFDE0035A17D /* ASIFormDataRequest+YammiService.h */,
				EF496ED3167BFFDE0035A17D /* ASIFormDataRequest+YammiService.m */,
				EF31459D163C1E0B00CF1AD3 /* AddSpecialViewController.h */,
				EF31459E163C1E0B00CF1AD3 /* AddSpecialViewController.m */,
				EF5374B416392E0D000F3508 /* AppDelegate.h */,
				EF5374B516392E0D000F3508 /* AppDelegate.m */,
				EF10AB3D16395A7800D43DAB /* YawiiServiceDelegate.h */,
				EF5374BD16392E0D000F3508 /* ViewController.h */,
				EF5374BE16392E0D000F3508 /* ViewController.m */,
				EF10AAFF16394E2800D43DAB /* YawiiJSONPaser.h */,
				EF10AB0016394E2800D43DAB /* YawiiJSONPaser.m */,
				EF10AAEF1639487D00D43DAB /* YawiiServiceHandler.h */,
				EF10AAF01639487D00D43DAB /* YawiiServiceHandler.m */,
				EF10AB3A163954EB00D43DAB /* Utility.h */,
				EF10AB3B163954EB00D43DAB /* Utility.m */,
				EF10AB3E16395D7C00D43DAB /* JSONPaserDelegate.h */,
				EF10AB4516396C2B00D43DAB /* AccountInfoHandler.h */,
				EF10AB4616396C2B00D43DAB /* AccountInfoHandler.m */,
				EF3145A0163C249C00CF1AD3 /* SSTextView.h */,
				EF3145A1163C249D00CF1AD3 /* SSTextView.m */,
				EF31458A163C021300CF1AD3 /* AZUITextField.h */,
				EF31458B163C021300CF1AD3 /* AZUITextField.m */,
				EF31458D163C0FDA00CF1AD3 /* URLHandler.h */,
				EF31458E163C0FDA00CF1AD3 /* URLHandler.m */,
				EF5374AC16392E0D000F3508 /* Supporting Files */,
				EF314590163C115300CF1AD3 /* ConstantStrings.h */,
				EF314591163C115300CF1AD3 /* ConstantStrings.m */,
				EF314593163C14CF00CF1AD3 /* NSString+MD5.h */,
				EF314594163C14CF00CF1AD3 /* NSString+MD5.m */,
				EF314596163C194F00CF1AD3 /* SystemSetting.h */,
				EF314597163C194F00CF1AD3 /* SystemSetting.m */,
				EF3145A8163D2CA100CF1AD3 /* PreviewViewController.h */,
				EF3145A9163D2CA100CF1AD3 /* PreviewViewController.m */,
				EF370041163EA24300078E42 /* NSDate+formatString.h */,
				EF370042163EA24300078E42 /* NSDate+formatString.m */,
				EF370045163EA71E00078E42 /* Constant.h */,
				EF370046163EA71E00078E42 /* Constant.m */,
				EF370048163EB10600078E42 /* UITextField+Validation.h */,
				EF370049163EB10600078E42 /* UITextField+Validation.m */,
			);
			path = YawiiB;
			sourceTree = "<group>";
		};
		EF5374AC16392E0D000F3508 /* Supporting Files */ = {
			isa = PBXGroup;
			children = (
				EFCF59EC1649996E00DF74D8 /* ViewController_iPad.xib */,
				EFCF59ED1649996E00DF74D8 /* ViewController_iPhone.xib */,
				EF314599163C1DCE00CF1AD3 /* AddSpecialViewController_iPad.xib */,
				EF31459A163C1DCE00CF1AD3 /* AddSpecialViewController_iPhone.xib */,
				EFE44E8F1647153E007DF1EC /* setting.png */,
				EF3145B8163D38C300CF1AD3 /* asserts */,
				EF3145A3163C28BB00CF1AD3 /* ic_back_72_nobg.png */,
				EF8830E116A32BE60084317C /* greenButtonHighlight.png */,
				EF8830E216A32BE60084317C /* greenButtonHighlight@2x.png */,
				EF5374AD16392E0D000F3508 /* YawiiB-Info.plist */,
				EF314586163BFC6F00CF1AD3 /* greenButton.png */,
				EF3145B2163D30EB00CF1AD3 /* index.html */,
				EF314587163BFC6F00CF1AD3 /* greenButton@2x.png */,
				EF314580163BF9F000CF1AD3 /* ic_launcher_logo_96.png */,
				EF5374B116392E0D000F3508 /* main.m */,
				EF5374B316392E0D000F3508 /* YawiiB-Prefix.pch */,
				EF5374B716392E0D000F3508 /* Default.png */,
				EF5374B916392E0D000F3508 /* Default@2x.png */,
				EF8830ED16A356D20084317C /* Default-568h@2x.png */,
			);
			name = "Supporting Files";
			sourceTree = "<group>";
		};
/* End PBXGroup section */

/* Begin PBXNativeTarget section */
		EF5374A016392E0D000F3508 /* YawiiB */ = {
			isa = PBXNativeTarget;
			buildConfigurationList = EF5374C816392E0D000F3508 /* Build configuration list for PBXNativeTarget "YawiiB" */;
			buildPhases = (
				EF53749D16392E0D000F3508 /* Sources */,
				EF53749E16392E0D000F3508 /* Frameworks */,
				EF53749F16392E0D000F3508 /* Resources */,
			);
			buildRules = (
			);
			dependencies = (
			);
			name = YawiiB;
			productName = YawiiB;
			productReference = EF5374A116392E0D000F3508 /* YawiiB.app */;
			productType = "com.apple.product-type.application";
		};
		EF7A0BF416AF4EE500157F5A /* YawiiB_Dev */ = {
			isa = PBXNativeTarget;
			buildConfigurationList = EF7A0C3F16AF4EE500157F5A /* Build configuration list for PBXNativeTarget "YawiiB_Dev" */;
			buildPhases = (
				EF7A0BF616AF4EE500157F5A /* Sources */,
				EF7A0C2016AF4EE500157F5A /* Frameworks */,
				EF7A0C2916AF4EE500157F5A /* Resources */,
			);
			buildRules = (
			);
			dependencies = (
			);
			name = YawiiB_Dev;
			productName = YawiiB;
			productReference = EF7A0C4316AF4EE500157F5A /* YawiiB copy.app */;
			productType = "com.apple.product-type.application";
		};
/* End PBXNativeTarget section */

/* Begin PBXProject section */
		EF53749816392E0D000F3508 /* Project object */ = {
			isa = PBXProject;
			attributes = {
				LastUpgradeCheck = 0450;
				ORGANIZATIONNAME = Yawii;
			};
			buildConfigurationList = EF53749B16392E0D000F3508 /* Build configuration list for PBXProject "YawiiB" */;
			compatibilityVersion = "Xcode 3.2";
			developmentRegion = English;
			hasScannedForEncodings = 0;
			knownRegions = (
				en,
				fi,
			);
			mainGroup = EF53749616392E0D000F3508;
			productRefGroup = EF5374A216392E0D000F3508 /* Products */;
			projectDirPath = "";
			projectRoot = "";
			targets = (
				EF5374A016392E0D000F3508 /* YawiiB */,
				EF7A0BF416AF4EE500157F5A /* YawiiB_Dev */,
			);
		};
/* End PBXProject section */

/* Begin PBXResourcesBuildPhase section */
		EF53749F16392E0D000F3508 /* Resources */ = {
			isa = PBXResourcesBuildPhase;
			buildActionMask = 2147483647;
			files = (
				EF5374B816392E0D000F3508 /* Default.png in Resources */,
				EF5374BA16392E0D000F3508 /* Default@2x.png in Resources */,
				EF314581163BF9F000CF1AD3 /* ic_launcher_logo_96.png in Resources */,
				EF314588163BFC6F00CF1AD3 /* greenButton.png in Resources */,
				EF314589163BFC6F00CF1AD3 /* greenButton@2x.png in Resources */,
				EF31459B163C1DCE00CF1AD3 /* AddSpecialViewController_iPad.xib in Resources */,
				EF31459C163C1DCE00CF1AD3 /* AddSpecialViewController_iPhone.xib in Resources */,
				EF3145A4163C28BB00CF1AD3 /* ic_back_72_nobg.png in Resources */,
				EF3145B7163D30EB00CF1AD3 /* index.html in Resources */,
				EF3145B9163D38C300CF1AD3 /* asserts in Resources */,
				EFE44E901647153E007DF1EC /* setting.png in Resources */,
				EFCF59D616491DC100DF74D8 /* en.lproj in Resources */,
				EFCF59D716491DC100DF74D8 /* fi.lproj in Resources */,
				EFCF59DC1649237F00DF74D8 /* zh_Hans.lproj in Resources */,
				EFCF59EE1649996E00DF74D8 /* ViewController_iPad.xib in Resources */,
				EFCF59EF1649996E00DF74D8 /* ViewController_iPhone.xib in Resources */,
				EF8830E316A32BE60084317C /* greenButtonHighlight.png in Resources */,
				EF8830E416A32BE60084317C /* greenButtonHighlight@2x.png in Resources */,
				EF8830EE16A356D20084317C /* Default-568h@2x.png in Resources */,
				EF4C45B116B5CCBC00439F31 /* yamii.business.57.png in Resources */,
				EF4C45B216B5CCC300439F31 /* yamii.business.114.png in Resources */,
			);
			runOnlyForDeploymentPostprocessing = 0;
		};
		EF7A0C2916AF4EE500157F5A /* Resources */ = {
			isa = PBXResourcesBuildPhase;
			buildActionMask = 2147483647;
			files = (
				EF7A0C2A16AF4EE500157F5A /* Default.png in Resources */,
				EF7A0C2B16AF4EE500157F5A /* Default@2x.png in Resources */,
				EF7A0C2C16AF4EE500157F5A /* ic_launcher_logo_96.png in Resources */,
				EF7A0C2D16AF4EE500157F5A /* greenButton.png in Resources */,
				EF7A0C2E16AF4EE500157F5A /* greenButton@2x.png in Resources */,
				EF7A0C2F16AF4EE500157F5A /* AddSpecialViewController_iPad.xib in Resources */,
				EF7A0C3016AF4EE500157F5A /* AddSpecialViewController_iPhone.xib in Resources */,
				EF7A0C3116AF4EE500157F5A /* ic_back_72_nobg.png in Resources */,
				EF7A0C3216AF4EE500157F5A /* index.html in Resources */,
				EF7A0C3316AF4EE500157F5A /* asserts in Resources */,
				EF7A0C3416AF4EE500157F5A /* setting.png in Resources */,
				EF7A0C3516AF4EE500157F5A /* en.lproj in Resources */,
				EF7A0C3616AF4EE500157F5A /* fi.lproj in Resources */,
				EF7A0C3716AF4EE500157F5A /* zh_Hans.lproj in Resources */,
				EF7A0C3816AF4EE500157F5A /* ViewController_iPad.xib in Resources */,
				EF7A0C3916AF4EE500157F5A /* ViewController_iPhone.xib in Resources */,
				EF7A0C3A16AF4EE500157F5A /* greenButtonHighlight.png in Resources */,
				EF7A0C3B16AF4EE500157F5A /* greenButtonHighlight@2x.png in Resources */,
				EF7A0C3E16AF4EE500157F5A /* Default-568h@2x.png in Resources */,
				EF4C45AE16B5CC2400439F31 /* yamii.business.57.png in Resources */,
				EF4C45B016B5CC2D00439F31 /* yamii.business.114.png in Resources */,
			);
			runOnlyForDeploymentPostprocessing = 0;
		};
/* End PBXResourcesBuildPhase section */

/* Begin PBXSourcesBuildPhase section */
		EF53749D16392E0D000F3508 /* Sources */ = {
			isa = PBXSourcesBuildPhase;
			buildActionMask = 2147483647;
			files = (
				EF5374B216392E0D000F3508 /* main.m in Sources */,
				EF5374B616392E0D000F3508 /* AppDelegate.m in Sources */,
				EF5374BF16392E0D000F3508 /* ViewController.m in Sources */,
				EF10AAF11639487D00D43DAB /* YawiiServiceHandler.m in Sources */,
				EF10AAF21639488F00D43DAB /* ASIAuthenticationDialog.m in Sources */,
				EF10AAF31639489800D43DAB /* ASIDataCompressor.m in Sources */,
				EF10AAF41639489800D43DAB /* ASIDataDecompressor.m in Sources */,
				EF10AAF51639489800D43DAB /* ASIDownloadCache.m in Sources */,
				EF10AAF61639489800D43DAB /* ASIFormDataRequest.m in Sources */,
				EF10AAF71639489800D43DAB /* ASIHTTPRequest.m in Sources */,
				EF10AAF81639489800D43DAB /* ASIInputStream.m in Sources */,
				EF10AAF91639489800D43DAB /* ASINetworkQueue.m in Sources */,
				EF10AAFA1639489800D43DAB /* Reachability.m in Sources */,
				EF10AAFE16394AD300D43DAB /* MBProgressHUD.m in Sources */,
				EF10AB0116394E2800D43DAB /* YawiiJSONPaser.m in Sources */,
				EF10AB1D1639531E00D43DAB /* NSObject+SBJson.m in Sources */,
				EF10AB1E1639531E00D43DAB /* SBJsonParser.m in Sources */,
				EF10AB1F1639531E00D43DAB /* SBJsonStreamParser.m in Sources */,
				EF10AB201639531E00D43DAB /* SBJsonStreamParserAccumulator.m in Sources */,
				EF10AB211639531E00D43DAB /* SBJsonStreamParserAdapter.m in Sources */,
				EF10AB221639531E00D43DAB /* SBJsonStreamParserState.m in Sources */,
				EF10AB231639531E00D43DAB /* SBJsonStreamWriter.m in Sources */,
				EF10AB241639531E00D43DAB /* SBJsonStreamWriterAccumulator.m in Sources */,
				EF10AB251639531E00D43DAB /* SBJsonStreamWriterState.m in Sources */,
				EF10AB261639531E00D43DAB /* SBJsonTokeniser.m in Sources */,
				EF10AB271639531E00D43DAB /* SBJsonUTF8Stream.m in Sources */,
				EF10AB281639531E00D43DAB /* SBJsonWriter.m in Sources */,
				EF10AB3C163954EB00D43DAB /* Utility.m in Sources */,
				EF10AB4716396C2C00D43DAB /* AccountInfoHandler.m in Sources */,
				EF31458C163C021300CF1AD3 /* AZUITextField.m in Sources */,
				EF31458F163C0FDA00CF1AD3 /* URLHandler.m in Sources */,
				EF314592163C115300CF1AD3 /* ConstantStrings.m in Sources */,
				EF314595163C14CF00CF1AD3 /* NSString+MD5.m in Sources */,
				EF314598163C194F00CF1AD3 /* SystemSetting.m in Sources */,
				EF31459F163C1E0C00CF1AD3 /* AddSpecialViewController.m in Sources */,
				EF3145A2163C249D00CF1AD3 /* SSTextView.m in Sources */,
				EF3145AB163D2CA200CF1AD3 /* PreviewViewController.m in Sources */,
				EF370043163EA24300078E42 /* NSDate+formatString.m in Sources */,
				EF370047163EA71E00078E42 /* Constant.m in Sources */,
				EF37004A163EB10600078E42 /* UITextField+Validation.m in Sources */,
				EF496ED4167BFFDE0035A17D /* ASIFormDataRequest+YammiService.m in Sources */,
			);
			runOnlyForDeploymentPostprocessing = 0;
		};
		EF7A0BF616AF4EE500157F5A /* Sources */ = {
			isa = PBXSourcesBuildPhase;
			buildActionMask = 2147483647;
			files = (
				EF7A0BF716AF4EE500157F5A /* main.m in Sources */,
				EF7A0BF816AF4EE500157F5A /* AppDelegate.m in Sources */,
				EF7A0BF916AF4EE500157F5A /* ViewController.m in Sources */,
				EF7A0BFA16AF4EE500157F5A /* YawiiServiceHandler.m in Sources */,
				EF7A0BFB16AF4EE500157F5A /* ASIAuthenticationDialog.m in Sources */,
				EF7A0BFC16AF4EE500157F5A /* ASIDataCompressor.m in Sources */,
				EF7A0BFD16AF4EE500157F5A /* ASIDataDecompressor.m in Sources */,
				EF7A0BFE16AF4EE500157F5A /* ASIDownloadCache.m in Sources */,
				EF7A0BFF16AF4EE500157F5A /* ASIFormDataRequest.m in Sources */,
				EF7A0C0016AF4EE500157F5A /* ASIHTTPRequest.m in Sources */,
				EF7A0C0116AF4EE500157F5A /* ASIInputStream.m in Sources */,
				EF7A0C0216AF4EE500157F5A /* ASINetworkQueue.m in Sources */,
				EF7A0C0316AF4EE500157F5A /* Reachability.m in Sources */,
				EF7A0C0416AF4EE500157F5A /* MBProgressHUD.m in Sources */,
				EF7A0C0516AF4EE500157F5A /* YawiiJSONPaser.m in Sources */,
				EF7A0C0616AF4EE500157F5A /* NSObject+SBJson.m in Sources */,
				EF7A0C0716AF4EE500157F5A /* SBJsonParser.m in Sources */,
				EF7A0C0816AF4EE500157F5A /* SBJsonStreamParser.m in Sources */,
				EF7A0C0916AF4EE500157F5A /* SBJsonStreamParserAccumulator.m in Sources */,
				EF7A0C0A16AF4EE500157F5A /* SBJsonStreamParserAdapter.m in Sources */,
				EF7A0C0B16AF4EE500157F5A /* SBJsonStreamParserState.m in Sources */,
				EF7A0C0C16AF4EE500157F5A /* SBJsonStreamWriter.m in Sources */,
				EF7A0C0D16AF4EE500157F5A /* SBJsonStreamWriterAccumulator.m in Sources */,
				EF7A0C0E16AF4EE500157F5A /* SBJsonStreamWriterState.m in Sources */,
				EF7A0C0F16AF4EE500157F5A /* SBJsonTokeniser.m in Sources */,
				EF7A0C1016AF4EE500157F5A /* SBJsonUTF8Stream.m in Sources */,
				EF7A0C1116AF4EE500157F5A /* SBJsonWriter.m in Sources */,
				EF7A0C1216AF4EE500157F5A /* Utility.m in Sources */,
				EF7A0C1316AF4EE500157F5A /* AccountInfoHandler.m in Sources */,
				EF7A0C1416AF4EE500157F5A /* AZUITextField.m in Sources */,
				EF7A0C1516AF4EE500157F5A /* URLHandler.m in Sources */,
				EF7A0C1616AF4EE500157F5A /* ConstantStrings.m in Sources */,
				EF7A0C1716AF4EE500157F5A /* NSString+MD5.m in Sources */,
				EF7A0C1816AF4EE500157F5A /* SystemSetting.m in Sources */,
				EF7A0C1916AF4EE500157F5A /* AddSpecialViewController.m in Sources */,
				EF7A0C1A16AF4EE500157F5A /* SSTextView.m in Sources */,
				EF7A0C1B16AF4EE500157F5A /* PreviewViewController.m in Sources */,
				EF7A0C1C16AF4EE500157F5A /* NSDate+formatString.m in Sources */,
				EF7A0C1D16AF4EE500157F5A /* Constant.m in Sources */,
				EF7A0C1E16AF4EE500157F5A /* UITextField+Validation.m in Sources */,
				EF7A0C1F16AF4EE500157F5A /* ASIFormDataRequest+YammiService.m in Sources */,
			);
			runOnlyForDeploymentPostprocessing = 0;
		};
/* End PBXSourcesBuildPhase section */

/* Begin XCBuildConfiguration section */
		EF5374C616392E0D000F3508 /* Debug */ = {
			isa = XCBuildConfiguration;
			buildSettings = {
				ALWAYS_SEARCH_USER_PATHS = NO;
				CLANG_CXX_LANGUAGE_STANDARD = "gnu++0x";
				CLANG_CXX_LIBRARY = "libc++";
				CLANG_WARN_EMPTY_BODY = YES;
				CLANG_WARN__DUPLICATE_METHOD_MATCH = YES;
				"CODE_SIGN_IDENTITY[sdk=iphoneos*]" = "iPhone Developer";
				COPY_PHASE_STRIP = NO;
				GCC_C_LANGUAGE_STANDARD = gnu99;
				GCC_DYNAMIC_NO_PIC = NO;
				GCC_OPTIMIZATION_LEVEL = 0;
				GCC_PREPROCESSOR_DEFINITIONS = (
					"DEBUG=1",
					"$(inherited)",
				);
				GCC_SYMBOLS_PRIVATE_EXTERN = NO;
				GCC_WARN_ABOUT_RETURN_TYPE = YES;
				GCC_WARN_UNINITIALIZED_AUTOS = YES;
				GCC_WARN_UNUSED_VARIABLE = YES;
				IPHONEOS_DEPLOYMENT_TARGET = 4.3;
				SDKROOT = iphoneos;
				TARGETED_DEVICE_FAMILY = "1,2";
			};
			name = Debug;
		};
		EF5374C716392E0D000F3508 /* Release */ = {
			isa = XCBuildConfiguration;
			buildSettings = {
				ALWAYS_SEARCH_USER_PATHS = NO;
				CLANG_CXX_LANGUAGE_STANDARD = "gnu++0x";
				CLANG_CXX_LIBRARY = "libc++";
				CLANG_WARN_EMPTY_BODY = YES;
				CLANG_WARN__DUPLICATE_METHOD_MATCH = YES;
				"CODE_SIGN_IDENTITY[sdk=iphoneos*]" = "iPhone Developer";
				COPY_PHASE_STRIP = YES;
				GCC_C_LANGUAGE_STANDARD = gnu99;
				GCC_WARN_ABOUT_RETURN_TYPE = YES;
				GCC_WARN_UNINITIALIZED_AUTOS = YES;
				GCC_WARN_UNUSED_VARIABLE = YES;
				IPHONEOS_DEPLOYMENT_TARGET = 4.3;
				OTHER_CFLAGS = "-DNS_BLOCK_ASSERTIONS=1";
				SDKROOT = iphoneos;
				TARGETED_DEVICE_FAMILY = "1,2";
				VALIDATE_PRODUCT = YES;
			};
			name = Release;
		};
		EF5374C916392E0D000F3508 /* Debug */ = {
			isa = XCBuildConfiguration;
			buildSettings = {
				CODE_SIGN_IDENTITY = "iPhone Developer: Wenqing Zhou (SZHCU4QCLD)";
				"CODE_SIGN_IDENTITY[sdk=iphoneos*]" = "iPhone Developer: Wenqing Zhou (SZHCU4QCLD)";
				GCC_PRECOMPILE_PREFIX_HEADER = YES;
				GCC_PREFIX_HEADER = "YawiiB/YawiiB-Prefix.pch";
				GCC_PREPROCESSOR_DEFINITIONS = (
					"RELEASE_MODE=1",
					"$(inherited)",
				);
				INFOPLIST_FILE = "YawiiB/YawiiB-Info.plist";
				IPHONEOS_DEPLOYMENT_TARGET = 5.0;
				PRODUCT_NAME = "$(TARGET_NAME)";
				PROVISIONING_PROFILE = "16FDDC08-D4C5-4001-B15C-D8A32CC2DB4A";
				"PROVISIONING_PROFILE[sdk=iphoneos*]" = "16FDDC08-D4C5-4001-B15C-D8A32CC2DB4A";
				TARGETED_DEVICE_FAMILY = 1;
				WRAPPER_EXTENSION = app;
			};
			name = Debug;
		};
		EF5374CA16392E0D000F3508 /* Release */ = {
			isa = XCBuildConfiguration;
			buildSettings = {
				CODE_SIGN_IDENTITY = "iPhone Distribution: LBB Solutions Oy";
				"CODE_SIGN_IDENTITY[sdk=iphoneos*]" = "iPhone Distribution: LBB Solutions Oy";
				GCC_PRECOMPILE_PREFIX_HEADER = YES;
				GCC_PREFIX_HEADER = "YawiiB/YawiiB-Prefix.pch";
				GCC_PREPROCESSOR_DEFINITIONS = "RELEASE_MODE=1";
				INFOPLIST_FILE = "YawiiB/YawiiB-Info.plist";
				IPHONEOS_DEPLOYMENT_TARGET = 5.0;
				PRODUCT_NAME = "$(TARGET_NAME)";
				PROVISIONING_PROFILE = "78ECB868-6B12-490C-B21E-D7FA736BC29C";
				"PROVISIONING_PROFILE[sdk=iphoneos*]" = "78ECB868-6B12-490C-B21E-D7FA736BC29C";
				TARGETED_DEVICE_FAMILY = 1;
				WRAPPER_EXTENSION = app;
			};
			name = Release;
		};
		EF7A0C4016AF4EE500157F5A /* Debug */ = {
			isa = XCBuildConfiguration;
			buildSettings = {
				CODE_SIGN_IDENTITY = "iPhone Developer: Wenqing Zhou (SZHCU4QCLD)";
				"CODE_SIGN_IDENTITY[sdk=iphoneos*]" = "iPhone Developer: Wenqing Zhou (SZHCU4QCLD)";
				GCC_PRECOMPILE_PREFIX_HEADER = YES;
				GCC_PREFIX_HEADER = "YawiiB/YawiiB-Prefix.pch";
				GCC_PREPROCESSOR_DEFINITIONS = (
					"DEV_MODE=1",
					"$(inherited)",
				);
				INFOPLIST_FILE = "YawiiB copy-Info.plist";
				IPHONEOS_DEPLOYMENT_TARGET = 5.0;
				PRODUCT_NAME = "YawiiB copy";
				PROVISIONING_PROFILE = "4E034111-8868-4308-952C-C3495057917B";
				"PROVISIONING_PROFILE[sdk=iphoneos*]" = "4E034111-8868-4308-952C-C3495057917B";
				TARGETED_DEVICE_FAMILY = 1;
				WRAPPER_EXTENSION = app;
			};
			name = Debug;
		};
		EF7A0C4116AF4EE500157F5A /* Release */ = {
			isa = XCBuildConfiguration;
			buildSettings = {
				CODE_SIGN_IDENTITY = "iPhone Distribution: LBB Solutions Oy";
				"CODE_SIGN_IDENTITY[sdk=iphoneos*]" = "iPhone Distribution: LBB Solutions Oy";
				GCC_PRECOMPILE_PREFIX_HEADER = YES;
				GCC_PREFIX_HEADER = "YawiiB/YawiiB-Prefix.pch";
				GCC_PREPROCESSOR_DEFINITIONS = "DEV_MODE=1";
				INFOPLIST_FILE = "YawiiB copy-Info.plist";
				IPHONEOS_DEPLOYMENT_TARGET = 5.0;
				PRODUCT_NAME = "YawiiB copy";
				PROVISIONING_PROFILE = "78ECB868-6B12-490C-B21E-D7FA736BC29C";
				"PROVISIONING_PROFILE[sdk=iphoneos*]" = "78ECB868-6B12-490C-B21E-D7FA736BC29C";
				TARGETED_DEVICE_FAMILY = 1;
				WRAPPER_EXTENSION = app;
			};
			name = Release;
		};
		EF7A0C4216AF4EE500157F5A /* Adhoc */ = {
			isa = XCBuildConfiguration;
			buildSettings = {
				CODE_SIGN_IDENTITY = "iPhone Distribution: LBB Solutions Oy";
				"CODE_SIGN_IDENTITY[sdk=iphoneos*]" = "iPhone Distribution: LBB Solutions Oy";
				GCC_PRECOMPILE_PREFIX_HEADER = YES;
				GCC_PREFIX_HEADER = "YawiiB/YawiiB-Prefix.pch";
				GCC_PREPROCESSOR_DEFINITIONS = "DEV_MODE=1";
				INFOPLIST_FILE = "YawiiB copy-Info.plist";
				IPHONEOS_DEPLOYMENT_TARGET = 5.0;
				PRODUCT_NAME = "YawiiB copy";
				PROVISIONING_PROFILE = "1DAD9467-0BBF-4544-B4D6-924F76B777D4";
				"PROVISIONING_PROFILE[sdk=iphoneos*]" = "1DAD9467-0BBF-4544-B4D6-924F76B777D4";
				TARGETED_DEVICE_FAMILY = 1;
				WRAPPER_EXTENSION = app;
			};
			name = Adhoc;
		};
		EFCF59DD1649604700DF74D8 /* Adhoc */ = {
			isa = XCBuildConfiguration;
			buildSettings = {
				ALWAYS_SEARCH_USER_PATHS = NO;
				CLANG_CXX_LANGUAGE_STANDARD = "gnu++0x";
				CLANG_CXX_LIBRARY = "libc++";
				CLANG_WARN_EMPTY_BODY = YES;
				CLANG_WARN__DUPLICATE_METHOD_MATCH = YES;
				"CODE_SIGN_IDENTITY[sdk=iphoneos*]" = "iPhone Developer";
				COPY_PHASE_STRIP = YES;
				GCC_C_LANGUAGE_STANDARD = gnu99;
				GCC_WARN_ABOUT_RETURN_TYPE = YES;
				GCC_WARN_UNINITIALIZED_AUTOS = YES;
				GCC_WARN_UNUSED_VARIABLE = YES;
				IPHONEOS_DEPLOYMENT_TARGET = 4.3;
				OTHER_CFLAGS = "-DNS_BLOCK_ASSERTIONS=1";
				SDKROOT = iphoneos;
				TARGETED_DEVICE_FAMILY = "1,2";
				VALIDATE_PRODUCT = YES;
			};
			name = Adhoc;
		};
		EFCF59DE1649604700DF74D8 /* Adhoc */ = {
			isa = XCBuildConfiguration;
			buildSettings = {
				CODE_SIGN_IDENTITY = "iPhone Distribution: LBB Solutions Oy";
				"CODE_SIGN_IDENTITY[sdk=iphoneos*]" = "iPhone Distribution: LBB Solutions Oy";
				GCC_PRECOMPILE_PREFIX_HEADER = YES;
				GCC_PREFIX_HEADER = "YawiiB/YawiiB-Prefix.pch";
				GCC_PREPROCESSOR_DEFINITIONS = "RELEASE_MODE=1";
				INFOPLIST_FILE = "YawiiB/YawiiB-Info.plist";
				IPHONEOS_DEPLOYMENT_TARGET = 5.0;
				PRODUCT_NAME = "$(TARGET_NAME)";
				PROVISIONING_PROFILE = "9C528826-746A-4B38-BC0E-A686557C1DB1";
				"PROVISIONING_PROFILE[sdk=iphoneos*]" = "9C528826-746A-4B38-BC0E-A686557C1DB1";
				TARGETED_DEVICE_FAMILY = 1;
				WRAPPER_EXTENSION = app;
			};
			name = Adhoc;
		};
/* End XCBuildConfiguration section */

/* Begin XCConfigurationList section */
		EF53749B16392E0D000F3508 /* Build configuration list for PBXProject "YawiiB" */ = {
			isa = XCConfigurationList;
			buildConfigurations = (
				EF5374C616392E0D000F3508 /* Debug */,
				EF5374C716392E0D000F3508 /* Release */,
				EFCF59DD1649604700DF74D8 /* Adhoc */,
			);
			defaultConfigurationIsVisible = 0;
			defaultConfigurationName = Release;
		};
		EF5374C816392E0D000F3508 /* Build configuration list for PBXNativeTarget "YawiiB" */ = {
			isa = XCConfigurationList;
			buildConfigurations = (
				EF5374C916392E0D000F3508 /* Debug */,
				EF5374CA16392E0D000F3508 /* Release */,
				EFCF59DE1649604700DF74D8 /* Adhoc */,
			);
			defaultConfigurationIsVisible = 0;
			defaultConfigurationName = Release;
		};
		EF7A0C3F16AF4EE500157F5A /* Build configuration list for PBXNativeTarget "YawiiB_Dev" */ = {
			isa = XCConfigurationList;
			buildConfigurations = (
				EF7A0C4016AF4EE500157F5A /* Debug */,
				EF7A0C4116AF4EE500157F5A /* Release */,
				EF7A0C4216AF4EE500157F5A /* Adhoc */,
			);
			defaultConfigurationIsVisible = 0;
			defaultConfigurationName = Release;
		};
/* End XCConfigurationList section */
	};
	rootObject = EF53749816392E0D000F3508 /* Project object */;
}
